github.com/google/go-cmp v0.5.6/go.mod h1:v8dTdLbMG2kIc/vJvl+f65V22dbkXbowE6jgT/gNBxE=
github.com/integrii/flaggy v1.5.2 h1:bWV20MQEngo4hWhno3i5Z9ISPxLPKj9NOGNwTWb/8IQ=
github.com/integrii/flaggy v1.5.2/go.mod h1:dO13u7SYuhk910nayCJ+s1DeAAGC1THCMj1uSFmwtQ8=
github.com/integrii/flaggy v1.8.0 h1:tC1qWwg4fhF2Qdaj+MpPK04cxlOSq0+HoMZqAW6Arao=
github.com/integrii/flaggy v1.8.0/go.mod h1:QS4c80m87SXG0pmVUT/Lx2RY5EbkLvLp7IKBD2jwcFA=
golang.org/x/xerrors v0.0.0-20191204190536-9bdfabe68543/go.mod h1:I/5z698sn9Ka8TeJc9MKroUUfqBBauWjQqLJ2OPfmY0=
